
Microsoft Visual Studio Solution File, Format Version 12.00
# Visual Studio Version 17
VisualStudioVersion = 17.8.34330.188
MinimumVisualStudioVersion = 10.0.40219.1
Project("{FAE04EC0-301F-11D3-BF4B-00C04F79EFBC}") = "TestWpf", "TestWpf\TestWpf.csproj", "{FA681C4A-8039-463B-8133-1F513CFE3C85}"
EndProject
Global
	GlobalSection(SolutionConfigurationPlatforms) = preSolution
		Debug|Any CPU = Debug|Any CPU
		Release|Any CPU = Release|Any CPU
	EndGlobalSection
	GlobalSection(ProjectConfigurationPlatforms) = postSolution
		{FA681C4A-8039-463B-8133-1F513CFE3C85}.Debug|Any CPU.ActiveCfg = Debug|Any CPU
		{FA681C4A-8039-463B-8133-1F513CFE3C85}.Debug|Any CPU.Build.0 = Debug|Any CPU
		{FA681C4A-8039-463B-8133-1F513CFE3C85}.Release|Any CPU.ActiveCfg = Release|Any CPU
		{FA681C4A-8039-463B-8133-1F513CFE3C85}.Release|Any CPU.Build.0 = Release|Any CPU
	EndGlobalSection
	GlobalSection(SolutionProperties) = preSolution
		HideSolutionNode = FALSE
	EndGlobalSection
	GlobalSection(ExtensibilityGlobals) = postSolution
		SolutionGuid = {7B351802-BA7F-4B9C-B1F8-E32C285E9BF4}
	EndGlobalSection
EndGlobal
